{
  "version": "2",
  "remote": {
    "https://deno.land/std@0.187.0/fmt/colors.ts": "d67e3cd9f472535241a8e410d33423980bec45047e343577554d3356e1f0ef4e",
    "https://deno.land/std@0.187.0/testing/_diff.ts": "1a3c044aedf77647d6cac86b798c6417603361b66b54c53331b312caeb447aea",
    "https://deno.land/std@0.187.0/testing/_format.ts": "a69126e8a469009adf4cf2a50af889aca364c349797e63174884a52ff75cf4c7",
    "https://deno.land/std@0.187.0/testing/asserts.ts": "e16d98b4d73ffc4ed498d717307a12500ae4f2cbe668f1a215632d19fcffc22f",
    "https://deno.land/x/delayed@2.0.2/mod.ts": "e0c83e0ecfa9665fd639d840210e3c1f1120b7df9dda6becc4adb3843df577e5",
    "https://deno.land/x/delayed@2.0.2/src/interval.ts": "ed4d1f62a09ae21b5f8f420f9e3af82b5248244c9c5bf03edab4084a65eb9900",
    "https://deno.land/x/delayed@2.0.2/src/sleep.ts": "7ad64e4d4e5f6c5e9cbad33a03693f351ffcfae620a46dff22c6b33653901b5d",
    "https://deno.land/x/delayed@2.0.2/src/timeout.ts": "dd0002de18dfc87f4ad0f17694f519b1e61db8e782d5dab19ca7e8abeebd8e5e",
    "https://deno.land/x/delayed@2.0.2/types.ts": "0e969b63df147da69aea05b3e156499819089f48cac34e5041482e006c71c9fb",
    "https://deno.land/x/wasm_gzip@v1.0.0/bytes.js": "502907853edce5f541bd0c260af27d3139591fe03f34eeb16c702ce03bc6f5c2",
    "https://deno.land/x/wasm_gzip@v1.0.0/mod.ts": "35807231cf260598d35085a1d7efb27bba51a9c0f76f8c7f02c0c5a87486009f",
    "https://deno.land/x/wasm_gzip@v1.0.0/wasm.js": "f10c6939adca869e9bd5fc537af78b224bb3249582c098dbd07458c74ba1e002"
  },
  "npm": {
    "specifiers": {
      "auto-changelog": "auto-changelog@2.4.0"
    },
    "packages": {
      "auto-changelog@2.4.0": {
        "integrity": "sha512-vh17hko1c0ItsEcw6m7qPRf3m45u+XK5QyCrrBFViElZ8jnKrPC1roSznrd1fIB/0vR/zawdECCRJtTuqIXaJw==",
        "dependencies": {
          "commander": "commander@7.2.0",
          "handlebars": "handlebars@4.7.7",
          "node-fetch": "node-fetch@2.6.9",
          "parse-github-url": "parse-github-url@1.0.2",
          "semver": "semver@7.5.0"
        }
      },
      "commander@7.2.0": {
        "integrity": "sha512-QrWXB+ZQSVPmIWIhtEO9H+gwHaMGYiF5ChvoJ+K9ZGHG/sVsa6yiesAD1GC/x46sET00Xlwo1u49RVVVzvcSkw==",
        "dependencies": {}
      },
      "handlebars@4.7.7": {
        "integrity": "sha512-aAcXm5OAfE/8IXkcZvCepKU3VzW1/39Fb5ZuqMtgI/hT8X2YgoMvBY5dLhq/cpOvw7Lk1nK/UF71aLG/ZnVYRA==",
        "dependencies": {
          "minimist": "minimist@1.2.8",
          "neo-async": "neo-async@2.6.2",
          "source-map": "source-map@0.6.1",
          "uglify-js": "uglify-js@3.17.4",
          "wordwrap": "wordwrap@1.0.0"
        }
      },
      "lru-cache@6.0.0": {
        "integrity": "sha512-Jo6dJ04CmSjuznwJSS3pUeWmd/H0ffTlkXXgwZi+eq1UCmqQwCh+eLsYOYCwY991i2Fah4h1BEMCx4qThGbsiA==",
        "dependencies": {
          "yallist": "yallist@4.0.0"
        }
      },
      "minimist@1.2.8": {
        "integrity": "sha512-2yyAR8qBkN3YuheJanUpWC5U3bb5osDywNB8RzDVlDwDHbocAJveqqj1u8+SVD7jkWT4yvsHCpWqqWqAxb0zCA==",
        "dependencies": {}
      },
      "neo-async@2.6.2": {
        "integrity": "sha512-Yd3UES5mWCSqR+qNT93S3UoYUkqAZ9lLg8a7g9rimsWmYGK8cVToA4/sF3RrshdyV3sAGMXVUmpMYOw+dLpOuw==",
        "dependencies": {}
      },
      "node-fetch@2.6.9": {
        "integrity": "sha512-DJm/CJkZkRjKKj4Zi4BsKVZh3ValV5IR5s7LVZnW+6YMh0W1BfNA8XSs6DLMGYlId5F3KnA70uu2qepcR08Qqg==",
        "dependencies": {
          "whatwg-url": "whatwg-url@5.0.0"
        }
      },
      "parse-github-url@1.0.2": {
        "integrity": "sha512-kgBf6avCbO3Cn6+RnzRGLkUsv4ZVqv/VfAYkRsyBcgkshNvVBkRn1FEZcW0Jb+npXQWm2vHPnnOqFteZxRRGNw==",
        "dependencies": {}
      },
      "semver@7.5.0": {
        "integrity": "sha512-+XC0AD/R7Q2mPSRuy2Id0+CGTZ98+8f+KvwirxOKIEyid+XSx6HbC63p+O4IndTHuX5Z+JxQ0TghCkO5Cg/2HA==",
        "dependencies": {
          "lru-cache": "lru-cache@6.0.0"
        }
      },
      "source-map@0.6.1": {
        "integrity": "sha512-UjgapumWlbMhkBgzT7Ykc5YXUT46F0iKu8SGXq0bcwP5dz/h0Plj6enJqjz1Zbq2l5WaqYnrVbwWOWMyF3F47g==",
        "dependencies": {}
      },
      "tr46@0.0.3": {
        "integrity": "sha512-N3WMsuqV66lT30CrXNbEjx4GEwlow3v6rr4mCcv6prnfwhS01rkgyFdjPNBYd9br7LpXV1+Emh01fHnq2Gdgrw==",
        "dependencies": {}
      },
      "uglify-js@3.17.4": {
        "integrity": "sha512-T9q82TJI9e/C1TAxYvfb16xO120tMVFZrGA3f9/P4424DNu6ypK103y0GPFVa17yotwSyZW5iYXgjYHkGrJW/g==",
        "dependencies": {}
      },
      "webidl-conversions@3.0.1": {
        "integrity": "sha512-2JAn3z8AR6rjK8Sm8orRC0h/bcl/DqL7tRPdGZ4I1CjdF+EaMLmYxBHyXuKL849eucPFhvBoxMsflfOb8kxaeQ==",
        "dependencies": {}
      },
      "whatwg-url@5.0.0": {
        "integrity": "sha512-saE57nupxk6v3HY35+jzBwYa0rKSy0XR8JSxZPwgLr7ys0IBzhGviA1/TUGJLmSVqs8pb9AnvICXEuOHLprYTw==",
        "dependencies": {
          "tr46": "tr46@0.0.3",
          "webidl-conversions": "webidl-conversions@3.0.1"
        }
      },
      "wordwrap@1.0.0": {
        "integrity": "sha512-gvVzJFlPycKc5dZN4yPkP8w7Dc37BtP1yczEneOb4uq34pXZcvrtRTmWV8W+Ume+XCxKgbjM+nevkyFPMybd4Q==",
        "dependencies": {}
      },
      "yallist@4.0.0": {
        "integrity": "sha512-3wdGidZyq5PB084XLES5TpOSRA3wjXAlIWMhum2kRcv/41Sn2emQ0dycQW4uZXLejwKvg6EsvbdlVL+FYEct7A==",
        "dependencies": {}
      }
    }
  }
}
